github.com/ebitengine/purego v0.7.1 h1:6/55d26lG3o9VCZX8lping+bZcmShseiqlh2bnUDiPA=
github.com/ebitengine/purego v0.7.1/go.mod h1:ah1In8AOtksoNK6yk5z1HTJeUkC1Ez4Wk2idgGslMwQ=
github.com/fstanis/screenresolution v0.0.0-20190527020317-869904d15333 h1:bIyCNaDet0wYUhGrWQvRAUKR9qa5cQLzSwdfjUbRXS8=
github.com/fstanis/screenresolution v0.0.0-20190527020317-869904d15333/go.mod h1:d2iTCFnmqCbjn2OyUNkUduH9ZPGf+uqRJS3zwqFb3go=
github.com/gen2brain/raylib-go/raylib v0.0.0-20250109172833-6dbba4f81a9b h1:JJfspevP3YOXcSKVABizYOv++yMpTJIdPUtoDzF/RWw=
github.com/gen2brain/raylib-go/raylib v0.0.0-20250109172833-6dbba4f81a9b/go.mod h1:BaY76bZk7nw1/kVOSQObPY1v1iwVE1KHAGMfvI6oK1Q=
github.com/lxn/win v0.0.0-20210218163916-a377121e959e h1:H+t6A/QJMbhCSEH5rAuRxh+CtW96g0Or0Fxa9IKr4uc=
github.com/lxn/win v0.0.0-20210218163916-a377121e959e/go.mod h1:KxxjdtRkfNoYDCUP5ryK7XJJNTnpC8atvtmTheChOtk=
golang.org/x/exp v0.0.0-20240506185415-9bf2ced13842 h1:vr/HnozRka3pE4EsMEg1lgkXJkTFJCVUX+S/ZT6wYzM=
golang.org/x/exp v0.0.0-20240506185415-9bf2ced13842/go.mod h1:XtvwrStGgqGPLc4cjQfWqZHG1YFdYs6swckp8vpsjnc=
golang.org/x/sys v0.0.0-20201018230417-eeed37f84f13/go.mod h1:h1NjWce9XRLGQEsW7wpKNCjG9DtNlClVuFLEZdDNbEs=
golang.org/x/sys v0.20.0 h1:Od9JTbYCk261bKm4M/mw7AklTlFYIa0bIp9BgSm1S8Y=
golang.org/x/sys v0.20.0/go.mod h1:/VUhepiaJMQUp4+oa/7Zr1D23ma6VTLIYjOOTFZPUcA=
